
Microsoft Visual Studio Solution File, Format Version 12.00
# Visual Studio 2013
VisualStudioVersion = 12.0.31101.0
MinimumVisualStudioVersion = 10.0.40219.1
Project("{FAE04EC0-301F-11D3-BF4B-00C04F79EFBC}") = "02.NumbersInStack", "02.NumbersInStack\02.NumbersInStack.csproj", "{657C6E7D-74E4-4B9B-8764-CF8772C37287}"
EndProject
Project("{FAE04EC0-301F-11D3-BF4B-00C04F79EFBC}") = "03.SortedNumbers", "03.SortedNumbers\03.SortedNumbers.csproj", "{EC8C9E50-B0D1-4655-A22D-049943C1C616}"
EndProject
Project("{FAE04EC0-301F-11D3-BF4B-00C04F79EFBC}") = "05.RemoveNegativeNumbers", "05.RemoveNegativeNumbers\05.RemoveNegativeNumbers.csproj", "{B95BE1E8-3B6D-4035-9BCD-612EBCB2A516}"
EndProject
Project("{FAE04EC0-301F-11D3-BF4B-00C04F79EFBC}") = "06.RemoveOddOccurance", "06.RemoveOddOccurance\06.RemoveOddOccurance.csproj", "{6350FB11-2179-4CD1-A73A-0B30E40C0801}"
EndProject
Global
	GlobalSection(SolutionConfigurationPlatforms) = preSolution
		Debug|Any CPU = Debug|Any CPU
		Release|Any CPU = Release|Any CPU
	EndGlobalSection
	GlobalSection(ProjectConfigurationPlatforms) = postSolution
		{657C6E7D-74E4-4B9B-8764-CF8772C37287}.Debug|Any CPU.ActiveCfg = Debug|Any CPU
		{657C6E7D-74E4-4B9B-8764-CF8772C37287}.Debug|Any CPU.Build.0 = Debug|Any CPU
		{657C6E7D-74E4-4B9B-8764-CF8772C37287}.Release|Any CPU.ActiveCfg = Release|Any CPU
		{657C6E7D-74E4-4B9B-8764-CF8772C37287}.Release|Any CPU.Build.0 = Release|Any CPU
		{EC8C9E50-B0D1-4655-A22D-049943C1C616}.Debug|Any CPU.ActiveCfg = Debug|Any CPU
		{EC8C9E50-B0D1-4655-A22D-049943C1C616}.Debug|Any CPU.Build.0 = Debug|Any CPU
		{EC8C9E50-B0D1-4655-A22D-049943C1C616}.Release|Any CPU.ActiveCfg = Release|Any CPU
		{EC8C9E50-B0D1-4655-A22D-049943C1C616}.Release|Any CPU.Build.0 = Release|Any CPU
		{B95BE1E8-3B6D-4035-9BCD-612EBCB2A516}.Debug|Any CPU.ActiveCfg = Debug|Any CPU
		{B95BE1E8-3B6D-4035-9BCD-612EBCB2A516}.Debug|Any CPU.Build.0 = Debug|Any CPU
		{B95BE1E8-3B6D-4035-9BCD-612EBCB2A516}.Release|Any CPU.ActiveCfg = Release|Any CPU
		{B95BE1E8-3B6D-4035-9BCD-612EBCB2A516}.Release|Any CPU.Build.0 = Release|Any CPU
		{6350FB11-2179-4CD1-A73A-0B30E40C0801}.Debug|Any CPU.ActiveCfg = Debug|Any CPU
		{6350FB11-2179-4CD1-A73A-0B30E40C0801}.Debug|Any CPU.Build.0 = Debug|Any CPU
		{6350FB11-2179-4CD1-A73A-0B30E40C0801}.Release|Any CPU.ActiveCfg = Release|Any CPU
		{6350FB11-2179-4CD1-A73A-0B30E40C0801}.Release|Any CPU.Build.0 = Release|Any CPU
	EndGlobalSection
	GlobalSection(SolutionProperties) = preSolution
		HideSolutionNode = FALSE
	EndGlobalSection
EndGlobal
