
Microsoft Visual Studio Solution File, Format Version 12.00
# Visual Studio 2013
VisualStudioVersion = 12.0.31101.0
MinimumVisualStudioVersion = 10.0.40219.1
Project("{FAE04EC0-301F-11D3-BF4B-00C04F79EFBC}") = "01.DefineClass", "01\01.DefineClass.csproj", "{B609D0F4-B4E3-4648-93DF-CE4C66BA4BDD}"
EndProject
Global
	GlobalSection(SolutionConfigurationPlatforms) = preSolution
		Debug|Any CPU = Debug|Any CPU
		Release|Any CPU = Release|Any CPU
	EndGlobalSection
	GlobalSection(ProjectConfigurationPlatforms) = postSolution
		{B609D0F4-B4E3-4648-93DF-CE4C66BA4BDD}.Debug|Any CPU.ActiveCfg = Debug|Any CPU
		{B609D0F4-B4E3-4648-93DF-CE4C66BA4BDD}.Debug|Any CPU.Build.0 = Debug|Any CPU
		{B609D0F4-B4E3-4648-93DF-CE4C66BA4BDD}.Release|Any CPU.ActiveCfg = Release|Any CPU
		{B609D0F4-B4E3-4648-93DF-CE4C66BA4BDD}.Release|Any CPU.Build.0 = Release|Any CPU
	EndGlobalSection
	GlobalSection(SolutionProperties) = preSolution
		HideSolutionNode = FALSE
	EndGlobalSection
EndGlobal
