
Microsoft Visual Studio Solution File, Format Version 12.00
# Visual Studio 2013
VisualStudioVersion = 12.0.31101.0
MinimumVisualStudioVersion = 10.0.40219.1
Project("{FAE04EC0-301F-11D3-BF4B-00C04F79EFBC}") = "01.Chef", "01.Chef\01.Chef.csproj", "{8DDA3F79-EC61-4D28-BE20-8EA402AF9AEB}"
EndProject
Project("{FAE04EC0-301F-11D3-BF4B-00C04F79EFBC}") = "02.Statements", "02.Statements\02.Statements.csproj", "{06FE58F7-2BD2-44CF-BD42-634D300FA359}"
EndProject
Project("{FAE04EC0-301F-11D3-BF4B-00C04F79EFBC}") = "03.RefactorLoops", "03.RefactorLoops\03.RefactorLoops.csproj", "{8C720F96-1188-47E3-8CB4-C340C42DE1EC}"
EndProject
Global
	GlobalSection(SolutionConfigurationPlatforms) = preSolution
		Debug|Any CPU = Debug|Any CPU
		Release|Any CPU = Release|Any CPU
	EndGlobalSection
	GlobalSection(ProjectConfigurationPlatforms) = postSolution
		{8DDA3F79-EC61-4D28-BE20-8EA402AF9AEB}.Debug|Any CPU.ActiveCfg = Debug|Any CPU
		{8DDA3F79-EC61-4D28-BE20-8EA402AF9AEB}.Debug|Any CPU.Build.0 = Debug|Any CPU
		{8DDA3F79-EC61-4D28-BE20-8EA402AF9AEB}.Release|Any CPU.ActiveCfg = Release|Any CPU
		{8DDA3F79-EC61-4D28-BE20-8EA402AF9AEB}.Release|Any CPU.Build.0 = Release|Any CPU
		{06FE58F7-2BD2-44CF-BD42-634D300FA359}.Debug|Any CPU.ActiveCfg = Debug|Any CPU
		{06FE58F7-2BD2-44CF-BD42-634D300FA359}.Debug|Any CPU.Build.0 = Debug|Any CPU
		{06FE58F7-2BD2-44CF-BD42-634D300FA359}.Release|Any CPU.ActiveCfg = Release|Any CPU
		{06FE58F7-2BD2-44CF-BD42-634D300FA359}.Release|Any CPU.Build.0 = Release|Any CPU
		{8C720F96-1188-47E3-8CB4-C340C42DE1EC}.Debug|Any CPU.ActiveCfg = Debug|Any CPU
		{8C720F96-1188-47E3-8CB4-C340C42DE1EC}.Debug|Any CPU.Build.0 = Debug|Any CPU
		{8C720F96-1188-47E3-8CB4-C340C42DE1EC}.Release|Any CPU.ActiveCfg = Release|Any CPU
		{8C720F96-1188-47E3-8CB4-C340C42DE1EC}.Release|Any CPU.Build.0 = Release|Any CPU
	EndGlobalSection
	GlobalSection(SolutionProperties) = preSolution
		HideSolutionNode = FALSE
	EndGlobalSection
EndGlobal
