
Microsoft Visual Studio Solution File, Format Version 12.00
# Visual Studio 2013
VisualStudioVersion = 12.0.31101.0
MinimumVisualStudioVersion = 10.0.40219.1
Project("{FAE04EC0-301F-11D3-BF4B-00C04F79EFBC}") = "01.OperationsWithTree", "01.OperationsWithTree\01.OperationsWithTree.csproj", "{DA29DA54-2E03-4A3C-A103-D3335D2BE6E7}"
EndProject
Project("{FAE04EC0-301F-11D3-BF4B-00C04F79EFBC}") = "02.TraverseDirAndDisplayEXE", "02.TraverseDirAndDisplayEXE\02.TraverseDirAndDisplayEXE.csproj", "{44A948C8-F541-4371-9A54-6FFC98B3D069}"
EndProject
Project("{FAE04EC0-301F-11D3-BF4B-00C04F79EFBC}") = "18.TraverseDirBFS", "Bonus.TraverseDirBFS\18.TraverseDirBFS.csproj", "{D04AE063-BC54-4427-A012-7DF42D0EC98B}"
EndProject
Project("{FAE04EC0-301F-11D3-BF4B-00C04F79EFBC}") = "17.TraverseDirDFS", "Bonus.TraverseDirDFS\17.TraverseDirDFS.csproj", "{6D4E2994-BBEC-4CD1-B481-99C448E0CA43}"
EndProject
Project("{FAE04EC0-301F-11D3-BF4B-00C04F79EFBC}") = "15.PrintFilesFromC", "Bonus.TraverseDirRecursion\15.PrintFilesFromC.csproj", "{58179755-BBC5-47B2-A616-4509404CC198}"
EndProject
Global
	GlobalSection(SolutionConfigurationPlatforms) = preSolution
		Debug|Any CPU = Debug|Any CPU
		Release|Any CPU = Release|Any CPU
	EndGlobalSection
	GlobalSection(ProjectConfigurationPlatforms) = postSolution
		{DA29DA54-2E03-4A3C-A103-D3335D2BE6E7}.Debug|Any CPU.ActiveCfg = Debug|Any CPU
		{DA29DA54-2E03-4A3C-A103-D3335D2BE6E7}.Debug|Any CPU.Build.0 = Debug|Any CPU
		{DA29DA54-2E03-4A3C-A103-D3335D2BE6E7}.Release|Any CPU.ActiveCfg = Release|Any CPU
		{DA29DA54-2E03-4A3C-A103-D3335D2BE6E7}.Release|Any CPU.Build.0 = Release|Any CPU
		{44A948C8-F541-4371-9A54-6FFC98B3D069}.Debug|Any CPU.ActiveCfg = Debug|Any CPU
		{44A948C8-F541-4371-9A54-6FFC98B3D069}.Debug|Any CPU.Build.0 = Debug|Any CPU
		{44A948C8-F541-4371-9A54-6FFC98B3D069}.Release|Any CPU.ActiveCfg = Release|Any CPU
		{44A948C8-F541-4371-9A54-6FFC98B3D069}.Release|Any CPU.Build.0 = Release|Any CPU
		{D04AE063-BC54-4427-A012-7DF42D0EC98B}.Debug|Any CPU.ActiveCfg = Debug|Any CPU
		{D04AE063-BC54-4427-A012-7DF42D0EC98B}.Debug|Any CPU.Build.0 = Debug|Any CPU
		{D04AE063-BC54-4427-A012-7DF42D0EC98B}.Release|Any CPU.ActiveCfg = Release|Any CPU
		{D04AE063-BC54-4427-A012-7DF42D0EC98B}.Release|Any CPU.Build.0 = Release|Any CPU
		{6D4E2994-BBEC-4CD1-B481-99C448E0CA43}.Debug|Any CPU.ActiveCfg = Debug|Any CPU
		{6D4E2994-BBEC-4CD1-B481-99C448E0CA43}.Debug|Any CPU.Build.0 = Debug|Any CPU
		{6D4E2994-BBEC-4CD1-B481-99C448E0CA43}.Release|Any CPU.ActiveCfg = Release|Any CPU
		{6D4E2994-BBEC-4CD1-B481-99C448E0CA43}.Release|Any CPU.Build.0 = Release|Any CPU
		{58179755-BBC5-47B2-A616-4509404CC198}.Debug|Any CPU.ActiveCfg = Debug|Any CPU
		{58179755-BBC5-47B2-A616-4509404CC198}.Debug|Any CPU.Build.0 = Debug|Any CPU
		{58179755-BBC5-47B2-A616-4509404CC198}.Release|Any CPU.ActiveCfg = Release|Any CPU
		{58179755-BBC5-47B2-A616-4509404CC198}.Release|Any CPU.Build.0 = Release|Any CPU
	EndGlobalSection
	GlobalSection(SolutionProperties) = preSolution
		HideSolutionNode = FALSE
	EndGlobalSection
EndGlobal
