
Microsoft Visual Studio Solution File, Format Version 12.00
# Visual Studio 2013
VisualStudioVersion = 12.0.31101.0
MinimumVisualStudioVersion = 10.0.40219.1
Project("{FAE04EC0-301F-11D3-BF4B-00C04F79EFBC}") = "3DPoints", "ConsoleApplication1\3DPoints.csproj", "{58A8A9CF-D993-4A97-BAC4-7E79FED6E8C4}"
EndProject
Project("{FAE04EC0-301F-11D3-BF4B-00C04F79EFBC}") = "Generics", "Generics\Generics.csproj", "{512288D3-6B5E-47F7-8966-26AE9E9D411E}"
EndProject
Project("{FAE04EC0-301F-11D3-BF4B-00C04F79EFBC}") = "Matrices.cs", "Matrix.cs\Matrices.cs.csproj", "{F3EA336F-C4FD-4065-A083-00F6AB76DB79}"
EndProject
Project("{FAE04EC0-301F-11D3-BF4B-00C04F79EFBC}") = "VersionAttribute", "VersionAtribute\VersionAttribute.csproj", "{1C1750F7-8AF0-4852-A16C-9ABD0228AF1A}"
EndProject
Global
	GlobalSection(SolutionConfigurationPlatforms) = preSolution
		Debug|Any CPU = Debug|Any CPU
		Release|Any CPU = Release|Any CPU
	EndGlobalSection
	GlobalSection(ProjectConfigurationPlatforms) = postSolution
		{58A8A9CF-D993-4A97-BAC4-7E79FED6E8C4}.Debug|Any CPU.ActiveCfg = Debug|Any CPU
		{58A8A9CF-D993-4A97-BAC4-7E79FED6E8C4}.Debug|Any CPU.Build.0 = Debug|Any CPU
		{58A8A9CF-D993-4A97-BAC4-7E79FED6E8C4}.Release|Any CPU.ActiveCfg = Release|Any CPU
		{58A8A9CF-D993-4A97-BAC4-7E79FED6E8C4}.Release|Any CPU.Build.0 = Release|Any CPU
		{512288D3-6B5E-47F7-8966-26AE9E9D411E}.Debug|Any CPU.ActiveCfg = Debug|Any CPU
		{512288D3-6B5E-47F7-8966-26AE9E9D411E}.Debug|Any CPU.Build.0 = Debug|Any CPU
		{512288D3-6B5E-47F7-8966-26AE9E9D411E}.Release|Any CPU.ActiveCfg = Release|Any CPU
		{512288D3-6B5E-47F7-8966-26AE9E9D411E}.Release|Any CPU.Build.0 = Release|Any CPU
		{F3EA336F-C4FD-4065-A083-00F6AB76DB79}.Debug|Any CPU.ActiveCfg = Debug|Any CPU
		{F3EA336F-C4FD-4065-A083-00F6AB76DB79}.Debug|Any CPU.Build.0 = Debug|Any CPU
		{F3EA336F-C4FD-4065-A083-00F6AB76DB79}.Release|Any CPU.ActiveCfg = Release|Any CPU
		{F3EA336F-C4FD-4065-A083-00F6AB76DB79}.Release|Any CPU.Build.0 = Release|Any CPU
		{1C1750F7-8AF0-4852-A16C-9ABD0228AF1A}.Debug|Any CPU.ActiveCfg = Debug|Any CPU
		{1C1750F7-8AF0-4852-A16C-9ABD0228AF1A}.Debug|Any CPU.Build.0 = Debug|Any CPU
		{1C1750F7-8AF0-4852-A16C-9ABD0228AF1A}.Release|Any CPU.ActiveCfg = Release|Any CPU
		{1C1750F7-8AF0-4852-A16C-9ABD0228AF1A}.Release|Any CPU.Build.0 = Release|Any CPU
	EndGlobalSection
	GlobalSection(SolutionProperties) = preSolution
		HideSolutionNode = FALSE
	EndGlobalSection
EndGlobal
