
Microsoft Visual Studio Solution File, Format Version 12.00
# Visual Studio 2013
VisualStudioVersion = 12.0.31101.0
MinimumVisualStudioVersion = 10.0.40219.1
Project("{FAE04EC0-301F-11D3-BF4B-00C04F79EFBC}") = "01-03.ControlsContent", "01-03.ControlsContent\01-03.ControlsContent.csproj", "{F8CC1F9B-E097-4927-A5D4-178C9B5683B3}"
EndProject
Project("{FAE04EC0-301F-11D3-BF4B-00C04F79EFBC}") = "04.StudentsRegister", "04.StudentsRegister\04.StudentsRegister.csproj", "{F9066F98-1DE1-4157-B12B-198A1A45320E}"
EndProject
Global
	GlobalSection(SolutionConfigurationPlatforms) = preSolution
		Debug|Any CPU = Debug|Any CPU
		Release|Any CPU = Release|Any CPU
	EndGlobalSection
	GlobalSection(ProjectConfigurationPlatforms) = postSolution
		{F8CC1F9B-E097-4927-A5D4-178C9B5683B3}.Debug|Any CPU.ActiveCfg = Debug|Any CPU
		{F8CC1F9B-E097-4927-A5D4-178C9B5683B3}.Debug|Any CPU.Build.0 = Debug|Any CPU
		{F8CC1F9B-E097-4927-A5D4-178C9B5683B3}.Release|Any CPU.ActiveCfg = Release|Any CPU
		{F8CC1F9B-E097-4927-A5D4-178C9B5683B3}.Release|Any CPU.Build.0 = Release|Any CPU
		{F9066F98-1DE1-4157-B12B-198A1A45320E}.Debug|Any CPU.ActiveCfg = Debug|Any CPU
		{F9066F98-1DE1-4157-B12B-198A1A45320E}.Debug|Any CPU.Build.0 = Debug|Any CPU
		{F9066F98-1DE1-4157-B12B-198A1A45320E}.Release|Any CPU.ActiveCfg = Release|Any CPU
		{F9066F98-1DE1-4157-B12B-198A1A45320E}.Release|Any CPU.Build.0 = Release|Any CPU
	EndGlobalSection
	GlobalSection(SolutionProperties) = preSolution
		HideSolutionNode = FALSE
	EndGlobalSection
EndGlobal
