
Microsoft Visual Studio Solution File, Format Version 12.00
# Visual Studio 2013
VisualStudioVersion = 12.0.31101.0
MinimumVisualStudioVersion = 10.0.40219.1
Project("{FAE04EC0-301F-11D3-BF4B-00C04F79EFBC}") = "01.ForumPosts", "01.ForumPosts\01.ForumPosts.csproj", "{B1C58595-5A80-45E5-9E9B-13AB44AB0B42}"
EndProject
Project("{FAE04EC0-301F-11D3-BF4B-00C04F79EFBC}") = "02.WebGallery", "02.WebGallery\02.WebGallery.csproj", "{FEF1FE37-5DB0-45EC-89F4-4D368A0D4F2B}"
EndProject
Global
	GlobalSection(SolutionConfigurationPlatforms) = preSolution
		Debug|Any CPU = Debug|Any CPU
		Release|Any CPU = Release|Any CPU
	EndGlobalSection
	GlobalSection(ProjectConfigurationPlatforms) = postSolution
		{B1C58595-5A80-45E5-9E9B-13AB44AB0B42}.Debug|Any CPU.ActiveCfg = Debug|Any CPU
		{B1C58595-5A80-45E5-9E9B-13AB44AB0B42}.Debug|Any CPU.Build.0 = Debug|Any CPU
		{B1C58595-5A80-45E5-9E9B-13AB44AB0B42}.Release|Any CPU.ActiveCfg = Release|Any CPU
		{B1C58595-5A80-45E5-9E9B-13AB44AB0B42}.Release|Any CPU.Build.0 = Release|Any CPU
		{FEF1FE37-5DB0-45EC-89F4-4D368A0D4F2B}.Debug|Any CPU.ActiveCfg = Debug|Any CPU
		{FEF1FE37-5DB0-45EC-89F4-4D368A0D4F2B}.Debug|Any CPU.Build.0 = Debug|Any CPU
		{FEF1FE37-5DB0-45EC-89F4-4D368A0D4F2B}.Release|Any CPU.ActiveCfg = Release|Any CPU
		{FEF1FE37-5DB0-45EC-89F4-4D368A0D4F2B}.Release|Any CPU.Build.0 = Release|Any CPU
	EndGlobalSection
	GlobalSection(SolutionProperties) = preSolution
		HideSolutionNode = FALSE
	EndGlobalSection
EndGlobal
