
Microsoft Visual Studio Solution File, Format Version 12.00
# Visual Studio 2013
VisualStudioVersion = 12.0.31101.0
MinimumVisualStudioVersion = 10.0.40219.1
Project("{FAE04EC0-301F-11D3-BF4B-00C04F79EFBC}") = "Homework1", "Homework-HTML Fundamentals\Homework1.csproj", "{99A2612E-607C-4960-9017-97EA85860902}"
EndProject
Global
	GlobalSection(SolutionConfigurationPlatforms) = preSolution
		Debug|Any CPU = Debug|Any CPU
		Release|Any CPU = Release|Any CPU
	EndGlobalSection
	GlobalSection(ProjectConfigurationPlatforms) = postSolution
		{99A2612E-607C-4960-9017-97EA85860902}.Debug|Any CPU.ActiveCfg = Debug|Any CPU
		{99A2612E-607C-4960-9017-97EA85860902}.Debug|Any CPU.Build.0 = Debug|Any CPU
		{99A2612E-607C-4960-9017-97EA85860902}.Release|Any CPU.ActiveCfg = Release|Any CPU
		{99A2612E-607C-4960-9017-97EA85860902}.Release|Any CPU.Build.0 = Release|Any CPU
	EndGlobalSection
	GlobalSection(SolutionProperties) = preSolution
		HideSolutionNode = FALSE
	EndGlobalSection
EndGlobal
