
Microsoft Visual Studio Solution File, Format Version 12.00
# Visual Studio 14
VisualStudioVersion = 14.0.23107.0
MinimumVisualStudioVersion = 10.0.40219.1
Project("{FAE04EC0-301F-11D3-BF4B-00C04F79EFBC}") = "01.Northwind.Data", "01.NorthwindDbContextCreating\01.Northwind.Data.csproj", "{DD988CF1-D41C-4A9B-9224-8F3CB087CC1F}"
EndProject
Project("{FAE04EC0-301F-11D3-BF4B-00C04F79EFBC}") = "2-5.CustomersOperations", "2-5.CustomersOperations\2-5.CustomersOperations.csproj", "{EDC2DCBA-3F70-406E-AD76-4DD8A943595A}"
EndProject
Global
	GlobalSection(SolutionConfigurationPlatforms) = preSolution
		Debug|Any CPU = Debug|Any CPU
		Release|Any CPU = Release|Any CPU
	EndGlobalSection
	GlobalSection(ProjectConfigurationPlatforms) = postSolution
		{DD988CF1-D41C-4A9B-9224-8F3CB087CC1F}.Debug|Any CPU.ActiveCfg = Debug|Any CPU
		{DD988CF1-D41C-4A9B-9224-8F3CB087CC1F}.Debug|Any CPU.Build.0 = Debug|Any CPU
		{DD988CF1-D41C-4A9B-9224-8F3CB087CC1F}.Release|Any CPU.ActiveCfg = Release|Any CPU
		{DD988CF1-D41C-4A9B-9224-8F3CB087CC1F}.Release|Any CPU.Build.0 = Release|Any CPU
		{EDC2DCBA-3F70-406E-AD76-4DD8A943595A}.Debug|Any CPU.ActiveCfg = Debug|Any CPU
		{EDC2DCBA-3F70-406E-AD76-4DD8A943595A}.Debug|Any CPU.Build.0 = Debug|Any CPU
		{EDC2DCBA-3F70-406E-AD76-4DD8A943595A}.Release|Any CPU.ActiveCfg = Release|Any CPU
		{EDC2DCBA-3F70-406E-AD76-4DD8A943595A}.Release|Any CPU.Build.0 = Release|Any CPU
	EndGlobalSection
	GlobalSection(SolutionProperties) = preSolution
		HideSolutionNode = FALSE
	EndGlobalSection
EndGlobal
