
Microsoft Visual Studio Solution File, Format Version 12.00
# Visual Studio 2013
VisualStudioVersion = 12.0.31101.0
MinimumVisualStudioVersion = 10.0.40219.1
Project("{FAE04EC0-301F-11D3-BF4B-00C04F79EFBC}") = "04.Homework.HTML.Semantics", "04.Homework.HTML.Semantics\04.Homework.HTML.Semantics.csproj", "{B57EC979-3F9E-4EDD-B1C6-A07585753AD0}"
EndProject
Global
	GlobalSection(SolutionConfigurationPlatforms) = preSolution
		Debug|Any CPU = Debug|Any CPU
		Release|Any CPU = Release|Any CPU
	EndGlobalSection
	GlobalSection(ProjectConfigurationPlatforms) = postSolution
		{B57EC979-3F9E-4EDD-B1C6-A07585753AD0}.Debug|Any CPU.ActiveCfg = Debug|Any CPU
		{B57EC979-3F9E-4EDD-B1C6-A07585753AD0}.Debug|Any CPU.Build.0 = Debug|Any CPU
		{B57EC979-3F9E-4EDD-B1C6-A07585753AD0}.Release|Any CPU.ActiveCfg = Release|Any CPU
		{B57EC979-3F9E-4EDD-B1C6-A07585753AD0}.Release|Any CPU.Build.0 = Release|Any CPU
	EndGlobalSection
	GlobalSection(SolutionProperties) = preSolution
		HideSolutionNode = FALSE
	EndGlobalSection
EndGlobal
