
Microsoft Visual Studio Solution File, Format Version 12.00
# Visual Studio 14
VisualStudioVersion = 14.0.23107.0
MinimumVisualStudioVersion = 10.0.40219.1
Project("{FAE04EC0-301F-11D3-BF4B-00C04F79EFBC}") = "MusicSystem.Model", "MusicSystem.Model\MusicSystem.Model.csproj", "{E61D5F96-9E14-4215-8065-23FB20232190}"
EndProject
Project("{FAE04EC0-301F-11D3-BF4B-00C04F79EFBC}") = "MusicSystem.Data", "MusicSystem.Data\MusicSystem.Data.csproj", "{95D2A23B-279B-4FCA-B077-7C7DC67DE23D}"
EndProject
Project("{FAE04EC0-301F-11D3-BF4B-00C04F79EFBC}") = "MusicSystem.ConsoleClient", "MusicSystem.ConsoleClient\MusicSystem.ConsoleClient.csproj", "{28B17651-C895-4487-95FE-767A0D0C6F5D}"
EndProject
Project("{FAE04EC0-301F-11D3-BF4B-00C04F79EFBC}") = "MusicSystem.Services", "MusicSystem.Services\MusicSystem.Services.csproj", "{EA63DA4F-A818-427A-9B48-E1F6FB37A66C}"
EndProject
Global
	GlobalSection(SolutionConfigurationPlatforms) = preSolution
		Debug|Any CPU = Debug|Any CPU
		Release|Any CPU = Release|Any CPU
	EndGlobalSection
	GlobalSection(ProjectConfigurationPlatforms) = postSolution
		{E61D5F96-9E14-4215-8065-23FB20232190}.Debug|Any CPU.ActiveCfg = Debug|Any CPU
		{E61D5F96-9E14-4215-8065-23FB20232190}.Debug|Any CPU.Build.0 = Debug|Any CPU
		{E61D5F96-9E14-4215-8065-23FB20232190}.Release|Any CPU.ActiveCfg = Release|Any CPU
		{E61D5F96-9E14-4215-8065-23FB20232190}.Release|Any CPU.Build.0 = Release|Any CPU
		{95D2A23B-279B-4FCA-B077-7C7DC67DE23D}.Debug|Any CPU.ActiveCfg = Debug|Any CPU
		{95D2A23B-279B-4FCA-B077-7C7DC67DE23D}.Debug|Any CPU.Build.0 = Debug|Any CPU
		{95D2A23B-279B-4FCA-B077-7C7DC67DE23D}.Release|Any CPU.ActiveCfg = Release|Any CPU
		{95D2A23B-279B-4FCA-B077-7C7DC67DE23D}.Release|Any CPU.Build.0 = Release|Any CPU
		{28B17651-C895-4487-95FE-767A0D0C6F5D}.Debug|Any CPU.ActiveCfg = Debug|Any CPU
		{28B17651-C895-4487-95FE-767A0D0C6F5D}.Debug|Any CPU.Build.0 = Debug|Any CPU
		{28B17651-C895-4487-95FE-767A0D0C6F5D}.Release|Any CPU.ActiveCfg = Release|Any CPU
		{28B17651-C895-4487-95FE-767A0D0C6F5D}.Release|Any CPU.Build.0 = Release|Any CPU
		{EA63DA4F-A818-427A-9B48-E1F6FB37A66C}.Debug|Any CPU.ActiveCfg = Debug|Any CPU
		{EA63DA4F-A818-427A-9B48-E1F6FB37A66C}.Debug|Any CPU.Build.0 = Debug|Any CPU
		{EA63DA4F-A818-427A-9B48-E1F6FB37A66C}.Release|Any CPU.ActiveCfg = Release|Any CPU
		{EA63DA4F-A818-427A-9B48-E1F6FB37A66C}.Release|Any CPU.Build.0 = Release|Any CPU
	EndGlobalSection
	GlobalSection(SolutionProperties) = preSolution
		HideSolutionNode = FALSE
	EndGlobalSection
EndGlobal
