
Microsoft Visual Studio Solution File, Format Version 12.00
# Visual Studio 2013
VisualStudioVersion = 12.0.31101.0
MinimumVisualStudioVersion = 10.0.40219.1
Project("{FAE04EC0-301F-11D3-BF4B-00C04F79EFBC}") = "01", "NumbersFromOneToTen\01.csproj", "{759B1AC4-F44F-4D11-9A6F-F0E7C93E6B06}"
EndProject
Project("{FAE04EC0-301F-11D3-BF4B-00C04F79EFBC}") = "02", "ProblemTwo\02.csproj", "{1B8C3DAD-5C44-474D-8839-D52B459C30F7}"
EndProject
Project("{FAE04EC0-301F-11D3-BF4B-00C04F79EFBC}") = "03", "ProblemThree\03.csproj", "{CE911F95-9F9B-4ECF-8A15-DEE0ABA1959A}"
EndProject
Project("{FAE04EC0-301F-11D3-BF4B-00C04F79EFBC}") = "04", "ProblemFour\04.csproj", "{5ECC74FF-4DB9-4502-BF22-2C7FF8089AC1}"
EndProject
Project("{FAE04EC0-301F-11D3-BF4B-00C04F79EFBC}") = "05", "ProblemFive\05.csproj", "{AC63D152-5C89-46CB-AA82-65C59991C888}"
EndProject
Project("{FAE04EC0-301F-11D3-BF4B-00C04F79EFBC}") = "06", "ProblemSix\06.csproj", "{4E54C179-7213-4C2E-929B-495B47B73442}"
EndProject
Project("{FAE04EC0-301F-11D3-BF4B-00C04F79EFBC}") = "07", "ProblemSeven\07.csproj", "{D797B935-9DD4-409A-A79A-CA2388461B8A}"
EndProject
Project("{FAE04EC0-301F-11D3-BF4B-00C04F79EFBC}") = "08", "ProblemEight\08.csproj", "{8C99F95F-7218-4BEB-8930-FE51286360D9}"
EndProject
Project("{FAE04EC0-301F-11D3-BF4B-00C04F79EFBC}") = "10", "ProblemTen\10.csproj", "{01C11EA3-AA8B-4DD7-917A-C65242073902}"
EndProject
Project("{FAE04EC0-301F-11D3-BF4B-00C04F79EFBC}") = "11", "ProblemEleven\11.csproj", "{6BC222D5-45BB-4E7A-BA6C-690FB7348BF8}"
EndProject
Project("{FAE04EC0-301F-11D3-BF4B-00C04F79EFBC}") = "09", "ProblemNine\09.csproj", "{9269018E-2658-4FE0-93DD-92151C2DA599}"
EndProject
Project("{FAE04EC0-301F-11D3-BF4B-00C04F79EFBC}") = "12", "ProblemTwelve\12.csproj", "{CA48408D-6034-45E5-B451-C9E4F934ECA5}"
EndProject
Project("{FAE04EC0-301F-11D3-BF4B-00C04F79EFBC}") = "13", "ProblemThirteen\13.csproj", "{E5C76B74-7A93-4902-BA1D-E40E7473A04B}"
EndProject
Project("{FAE04EC0-301F-11D3-BF4B-00C04F79EFBC}") = "14", "ProblemFourteen\14.csproj", "{F1DFFEB2-CC36-4A2B-998E-3BFB6559401B}"
EndProject
Project("{FAE04EC0-301F-11D3-BF4B-00C04F79EFBC}") = "15", "ProblemFifteen\15.csproj", "{13CB7B5B-74AD-46B3-9401-09D114A56E1F}"
EndProject
Project("{FAE04EC0-301F-11D3-BF4B-00C04F79EFBC}") = "16", "ProblemSixteen\16.csproj", "{E3A812D8-7941-479A-84F8-DF8C9DA2CAF9}"
EndProject
Project("{FAE04EC0-301F-11D3-BF4B-00C04F79EFBC}") = "17", "ProblemSeventeen\17.csproj", "{D62DEF44-8817-4597-BBFA-90B904658D92}"
EndProject
Project("{FAE04EC0-301F-11D3-BF4B-00C04F79EFBC}") = "18", "ProblemEighteen\18.csproj", "{4BC4678A-69C7-44C7-8F27-A5FCDE690C21}"
EndProject
Project("{FAE04EC0-301F-11D3-BF4B-00C04F79EFBC}") = "19", "ProblemNineteen\19.csproj", "{FF44CE0B-6B19-4166-9F5D-A32BC3BC8AF4}"
EndProject
Global
	GlobalSection(SolutionConfigurationPlatforms) = preSolution
		Debug|Any CPU = Debug|Any CPU
		Release|Any CPU = Release|Any CPU
	EndGlobalSection
	GlobalSection(ProjectConfigurationPlatforms) = postSolution
		{759B1AC4-F44F-4D11-9A6F-F0E7C93E6B06}.Debug|Any CPU.ActiveCfg = Debug|Any CPU
		{759B1AC4-F44F-4D11-9A6F-F0E7C93E6B06}.Debug|Any CPU.Build.0 = Debug|Any CPU
		{759B1AC4-F44F-4D11-9A6F-F0E7C93E6B06}.Release|Any CPU.ActiveCfg = Release|Any CPU
		{759B1AC4-F44F-4D11-9A6F-F0E7C93E6B06}.Release|Any CPU.Build.0 = Release|Any CPU
		{1B8C3DAD-5C44-474D-8839-D52B459C30F7}.Debug|Any CPU.ActiveCfg = Debug|Any CPU
		{1B8C3DAD-5C44-474D-8839-D52B459C30F7}.Debug|Any CPU.Build.0 = Debug|Any CPU
		{1B8C3DAD-5C44-474D-8839-D52B459C30F7}.Release|Any CPU.ActiveCfg = Release|Any CPU
		{1B8C3DAD-5C44-474D-8839-D52B459C30F7}.Release|Any CPU.Build.0 = Release|Any CPU
		{CE911F95-9F9B-4ECF-8A15-DEE0ABA1959A}.Debug|Any CPU.ActiveCfg = Debug|Any CPU
		{CE911F95-9F9B-4ECF-8A15-DEE0ABA1959A}.Debug|Any CPU.Build.0 = Debug|Any CPU
		{CE911F95-9F9B-4ECF-8A15-DEE0ABA1959A}.Release|Any CPU.ActiveCfg = Release|Any CPU
		{CE911F95-9F9B-4ECF-8A15-DEE0ABA1959A}.Release|Any CPU.Build.0 = Release|Any CPU
		{5ECC74FF-4DB9-4502-BF22-2C7FF8089AC1}.Debug|Any CPU.ActiveCfg = Debug|Any CPU
		{5ECC74FF-4DB9-4502-BF22-2C7FF8089AC1}.Debug|Any CPU.Build.0 = Debug|Any CPU
		{5ECC74FF-4DB9-4502-BF22-2C7FF8089AC1}.Release|Any CPU.ActiveCfg = Release|Any CPU
		{5ECC74FF-4DB9-4502-BF22-2C7FF8089AC1}.Release|Any CPU.Build.0 = Release|Any CPU
		{AC63D152-5C89-46CB-AA82-65C59991C888}.Debug|Any CPU.ActiveCfg = Debug|Any CPU
		{AC63D152-5C89-46CB-AA82-65C59991C888}.Debug|Any CPU.Build.0 = Debug|Any CPU
		{AC63D152-5C89-46CB-AA82-65C59991C888}.Release|Any CPU.ActiveCfg = Release|Any CPU
		{AC63D152-5C89-46CB-AA82-65C59991C888}.Release|Any CPU.Build.0 = Release|Any CPU
		{4E54C179-7213-4C2E-929B-495B47B73442}.Debug|Any CPU.ActiveCfg = Debug|Any CPU
		{4E54C179-7213-4C2E-929B-495B47B73442}.Debug|Any CPU.Build.0 = Debug|Any CPU
		{4E54C179-7213-4C2E-929B-495B47B73442}.Release|Any CPU.ActiveCfg = Release|Any CPU
		{4E54C179-7213-4C2E-929B-495B47B73442}.Release|Any CPU.Build.0 = Release|Any CPU
		{D797B935-9DD4-409A-A79A-CA2388461B8A}.Debug|Any CPU.ActiveCfg = Debug|Any CPU
		{D797B935-9DD4-409A-A79A-CA2388461B8A}.Debug|Any CPU.Build.0 = Debug|Any CPU
		{D797B935-9DD4-409A-A79A-CA2388461B8A}.Release|Any CPU.ActiveCfg = Release|Any CPU
		{D797B935-9DD4-409A-A79A-CA2388461B8A}.Release|Any CPU.Build.0 = Release|Any CPU
		{8C99F95F-7218-4BEB-8930-FE51286360D9}.Debug|Any CPU.ActiveCfg = Debug|Any CPU
		{8C99F95F-7218-4BEB-8930-FE51286360D9}.Debug|Any CPU.Build.0 = Debug|Any CPU
		{8C99F95F-7218-4BEB-8930-FE51286360D9}.Release|Any CPU.ActiveCfg = Release|Any CPU
		{8C99F95F-7218-4BEB-8930-FE51286360D9}.Release|Any CPU.Build.0 = Release|Any CPU
		{01C11EA3-AA8B-4DD7-917A-C65242073902}.Debug|Any CPU.ActiveCfg = Debug|Any CPU
		{01C11EA3-AA8B-4DD7-917A-C65242073902}.Debug|Any CPU.Build.0 = Debug|Any CPU
		{01C11EA3-AA8B-4DD7-917A-C65242073902}.Release|Any CPU.ActiveCfg = Release|Any CPU
		{01C11EA3-AA8B-4DD7-917A-C65242073902}.Release|Any CPU.Build.0 = Release|Any CPU
		{6BC222D5-45BB-4E7A-BA6C-690FB7348BF8}.Debug|Any CPU.ActiveCfg = Debug|Any CPU
		{6BC222D5-45BB-4E7A-BA6C-690FB7348BF8}.Debug|Any CPU.Build.0 = Debug|Any CPU
		{6BC222D5-45BB-4E7A-BA6C-690FB7348BF8}.Release|Any CPU.ActiveCfg = Release|Any CPU
		{6BC222D5-45BB-4E7A-BA6C-690FB7348BF8}.Release|Any CPU.Build.0 = Release|Any CPU
		{9269018E-2658-4FE0-93DD-92151C2DA599}.Debug|Any CPU.ActiveCfg = Debug|Any CPU
		{9269018E-2658-4FE0-93DD-92151C2DA599}.Debug|Any CPU.Build.0 = Debug|Any CPU
		{9269018E-2658-4FE0-93DD-92151C2DA599}.Release|Any CPU.ActiveCfg = Release|Any CPU
		{9269018E-2658-4FE0-93DD-92151C2DA599}.Release|Any CPU.Build.0 = Release|Any CPU
		{CA48408D-6034-45E5-B451-C9E4F934ECA5}.Debug|Any CPU.ActiveCfg = Debug|Any CPU
		{CA48408D-6034-45E5-B451-C9E4F934ECA5}.Debug|Any CPU.Build.0 = Debug|Any CPU
		{CA48408D-6034-45E5-B451-C9E4F934ECA5}.Release|Any CPU.ActiveCfg = Release|Any CPU
		{CA48408D-6034-45E5-B451-C9E4F934ECA5}.Release|Any CPU.Build.0 = Release|Any CPU
		{E5C76B74-7A93-4902-BA1D-E40E7473A04B}.Debug|Any CPU.ActiveCfg = Debug|Any CPU
		{E5C76B74-7A93-4902-BA1D-E40E7473A04B}.Debug|Any CPU.Build.0 = Debug|Any CPU
		{E5C76B74-7A93-4902-BA1D-E40E7473A04B}.Release|Any CPU.ActiveCfg = Release|Any CPU
		{E5C76B74-7A93-4902-BA1D-E40E7473A04B}.Release|Any CPU.Build.0 = Release|Any CPU
		{F1DFFEB2-CC36-4A2B-998E-3BFB6559401B}.Debug|Any CPU.ActiveCfg = Debug|Any CPU
		{F1DFFEB2-CC36-4A2B-998E-3BFB6559401B}.Debug|Any CPU.Build.0 = Debug|Any CPU
		{F1DFFEB2-CC36-4A2B-998E-3BFB6559401B}.Release|Any CPU.ActiveCfg = Release|Any CPU
		{F1DFFEB2-CC36-4A2B-998E-3BFB6559401B}.Release|Any CPU.Build.0 = Release|Any CPU
		{13CB7B5B-74AD-46B3-9401-09D114A56E1F}.Debug|Any CPU.ActiveCfg = Debug|Any CPU
		{13CB7B5B-74AD-46B3-9401-09D114A56E1F}.Debug|Any CPU.Build.0 = Debug|Any CPU
		{13CB7B5B-74AD-46B3-9401-09D114A56E1F}.Release|Any CPU.ActiveCfg = Release|Any CPU
		{13CB7B5B-74AD-46B3-9401-09D114A56E1F}.Release|Any CPU.Build.0 = Release|Any CPU
		{E3A812D8-7941-479A-84F8-DF8C9DA2CAF9}.Debug|Any CPU.ActiveCfg = Debug|Any CPU
		{E3A812D8-7941-479A-84F8-DF8C9DA2CAF9}.Debug|Any CPU.Build.0 = Debug|Any CPU
		{E3A812D8-7941-479A-84F8-DF8C9DA2CAF9}.Release|Any CPU.ActiveCfg = Release|Any CPU
		{E3A812D8-7941-479A-84F8-DF8C9DA2CAF9}.Release|Any CPU.Build.0 = Release|Any CPU
		{D62DEF44-8817-4597-BBFA-90B904658D92}.Debug|Any CPU.ActiveCfg = Debug|Any CPU
		{D62DEF44-8817-4597-BBFA-90B904658D92}.Debug|Any CPU.Build.0 = Debug|Any CPU
		{D62DEF44-8817-4597-BBFA-90B904658D92}.Release|Any CPU.ActiveCfg = Release|Any CPU
		{D62DEF44-8817-4597-BBFA-90B904658D92}.Release|Any CPU.Build.0 = Release|Any CPU
		{4BC4678A-69C7-44C7-8F27-A5FCDE690C21}.Debug|Any CPU.ActiveCfg = Debug|Any CPU
		{4BC4678A-69C7-44C7-8F27-A5FCDE690C21}.Debug|Any CPU.Build.0 = Debug|Any CPU
		{4BC4678A-69C7-44C7-8F27-A5FCDE690C21}.Release|Any CPU.ActiveCfg = Release|Any CPU
		{4BC4678A-69C7-44C7-8F27-A5FCDE690C21}.Release|Any CPU.Build.0 = Release|Any CPU
		{FF44CE0B-6B19-4166-9F5D-A32BC3BC8AF4}.Debug|Any CPU.ActiveCfg = Debug|Any CPU
		{FF44CE0B-6B19-4166-9F5D-A32BC3BC8AF4}.Debug|Any CPU.Build.0 = Debug|Any CPU
		{FF44CE0B-6B19-4166-9F5D-A32BC3BC8AF4}.Release|Any CPU.ActiveCfg = Release|Any CPU
		{FF44CE0B-6B19-4166-9F5D-A32BC3BC8AF4}.Release|Any CPU.Build.0 = Release|Any CPU
	EndGlobalSection
	GlobalSection(SolutionProperties) = preSolution
		HideSolutionNode = FALSE
	EndGlobalSection
EndGlobal
